<Solution>
  <Configurations>
    <Platform Name="Any CPU" />
    <Platform Name="x64" />
    <Platform Name="x86" />
  </Configurations>
  <Folder Name="/apps/" />
  <Folder Name="/apps/CodeCoverage/">
    <Project Path="apps/CodeCoverage/CodeCoverage.BitbucketIntegration/CodeCoverage.BitbucketIntegration.csproj" />
    <Project Path="apps/CodeCoverage/CodeCoverage.GithubIntegration/CodeCoverage.GithubIntegration.csproj" />
    <Project Path="apps/CodeCoverage/CodeCoverage.GitlabIntegration/CodeCoverage.GitlabIntegration.csproj" />
    <Project Path="apps/CodeCoverage/CodeCoverage.Library/CodeCoverage.Library.csproj" />
    <Project Path="apps/CodeCoverage/CodeCoverage.Tests/CodeCoverage.Tests.csproj" />
    <Project Path="apps/CodeCoverage/CodeCoverage/CodeCoverage.csproj" />
  </Folder>
  <Folder Name="/apps/DemoApp/">
    <Project Path="apps/DemoApp/DemoApp.Library/DemoApp.Library.csproj" />
    <Project Path="apps/DemoApp/DemoApp/DemoApp.csproj" />
  </Folder>
  <Folder Name="/apps/Fleet/">
    <Project Path="apps/Fleet/Fleet.Library/Fleet.Library.csproj" />
    <Project Path="apps/Fleet/Fleet/Fleet.csproj" />
  </Folder>
  <Folder Name="/apps/HR/">
    <Project Path="apps/HR/HR.Library/HR.Library.csproj" />
    <Project Path="apps/HR/HR/HR.csproj" />
  </Folder>
  <Folder Name="/apps/QnA/">
    <Project Path="apps/QnA/QnA.Library/QnA.Library.csproj" />
    <Project Path="apps/QnA/QnA/QnA.csproj" />
  </Folder>
  <Folder Name="/libs/" />
  <Folder Name="/libs/all_features/">
    <Project Path="libs/all_features/MintPlayer.Spark.AllFeatures.SourceGenerators/MintPlayer.Spark.AllFeatures.SourceGenerators.csproj" />
    <Project Path="libs/all_features/MintPlayer.Spark.AllFeatures/MintPlayer.Spark.AllFeatures.csproj" />
  </Folder>
  <Folder Name="/libs/attributes/">
    <Project Path="libs/attributes/MintPlayer.Spark.Attributes/MintPlayer.Spark.Attributes.csproj" />
  </Folder>
  <Folder Name="/libs/model/">
    <Project Path="libs/model/MintPlayer.Spark.Model/MintPlayer.Spark.Model.csproj" />
  </Folder>
  <Folder Name="/libs/authorization/">
    <Project Path="libs/authorization/MintPlayer.Spark.Authorization/MintPlayer.Spark.Authorization.csproj" />
    <Project Path="libs/authorization/MintPlayer.Spark.Authorization.Abstractions/MintPlayer.Spark.Authorization.Abstractions.csproj" />
  </Folder>
  <Folder Name="/libs/client/">
    <Project Path="libs/client/MintPlayer.Spark.Client.Authorization/MintPlayer.Spark.Client.Authorization.csproj" />
    <Project Path="libs/client/MintPlayer.Spark.Client/MintPlayer.Spark.Client.csproj" />
  </Folder>
  <Folder Name="/libs/contributions/">
    <Project Path="libs/contributions/MintPlayer.Spark.Contributions.Abstractions/MintPlayer.Spark.Contributions.Abstractions.csproj" />
    <Project Path="libs/contributions/MintPlayer.Spark.Contributions.SourceGenerators/MintPlayer.Spark.Contributions.SourceGenerators.csproj" />
    <Project Path="libs/contributions/MintPlayer.Spark.Contributions/MintPlayer.Spark.Contributions.csproj" />
  </Folder>
  <Folder Name="/libs/controllers/">
    <Project Path="libs/controllers/MintPlayer.Spark.Controllers/MintPlayer.Spark.Controllers.csproj" />
  </Folder>
  <Folder Name="/libs/cron/">
    <Project Path="libs/cron/MintPlayer.Spark.Cron/MintPlayer.Spark.Cron.csproj" />
  </Folder>
  <Folder Name="/libs/history/">
    <Project Path="libs/history/MintPlayer.Spark.History/MintPlayer.Spark.History.csproj" />
    <Project Path="libs/history/MintPlayer.Spark.History.Abstractions/MintPlayer.Spark.History.Abstractions.csproj" />
  </Folder>
  <Folder Name="/libs/identity_provider/">
    <Project Path="libs/identity_provider/MintPlayer.Spark.IdentityProvider/MintPlayer.Spark.IdentityProvider.csproj" />
  </Folder>
  <Folder Name="/libs/mail/">
    <Project Path="libs/mail/MintPlayer.Spark.MailManager.Abstractions/MintPlayer.Spark.MailManager.Abstractions.csproj" />
    <Project Path="libs/mail/MintPlayer.Spark.MailManager/MintPlayer.Spark.MailManager.csproj" />
  </Folder>
  <Folder Name="/libs/messaging/">
    <Project Path="libs/messaging/MintPlayer.Spark.Messaging.Abstractions/MintPlayer.Spark.Messaging.Abstractions.csproj" />
    <Project Path="libs/messaging/MintPlayer.Spark.Messaging/MintPlayer.Spark.Messaging.csproj" />
  </Folder>
  <Folder Name="/libs/migrations/">
    <Project Path="libs/migrations/MintPlayer.Spark.Migrations/MintPlayer.Spark.Migrations.csproj" />
  </Folder>
  <Folder Name="/libs/moderation/">
    <Project Path="libs/moderation/MintPlayer.Spark.Moderation.Abstractions/MintPlayer.Spark.Moderation.Abstractions.csproj" />
    <Project Path="libs/moderation/MintPlayer.Spark.Moderation/MintPlayer.Spark.Moderation.csproj" />
  </Folder>
  <Folder Name="/libs/node_packages/">
    <Project Path="libs/node_packages/ng-spark-auth/ng-spark-auth.esproj">
      <Platform Project="AnyCPU" />
    </Project>
    <Project Path="libs/node_packages/ng-spark/ng-spark.esproj">
      <Platform Project="AnyCPU" />
    </Project>
  </Folder>
  <Folder Name="/libs/replication/">
    <Project Path="libs/replication/MintPlayer.Spark.Replication.Abstractions/MintPlayer.Spark.Replication.Abstractions.csproj" />
    <Project Path="libs/replication/MintPlayer.Spark.Replication/MintPlayer.Spark.Replication.csproj" />
  </Folder>
  <Folder Name="/libs/soft_delete/">
    <Project Path="libs/soft_delete/MintPlayer.Spark.SoftDelete.Abstractions/MintPlayer.Spark.SoftDelete.Abstractions.csproj" />
    <Project Path="libs/soft_delete/MintPlayer.Spark.SoftDelete/MintPlayer.Spark.SoftDelete.csproj" />
  </Folder>
  <Folder Name="/libs/socket_extensions/">
    <Project Path="libs/socket_extensions/MintPlayer.Dotnet.SocketExtensions/MintPlayer.Dotnet.SocketExtensions.csproj" />
  </Folder>
  <Folder Name="/libs/source_generators/">
    <Project Path="libs/source_generators/MintPlayer.Spark.LibraryGenerators/MintPlayer.Spark.LibraryGenerators.csproj" />
    <Project Path="libs/source_generators/MintPlayer.Spark.SourceGenerators/MintPlayer.Spark.SourceGenerators.csproj" />
  </Folder>
  <Folder Name="/libs/spark/">
    <Project Path="libs/spark/MintPlayer.Spark.Abstractions/MintPlayer.Spark.Abstractions.csproj" />
    <Project Path="libs/spark/MintPlayer.Spark/MintPlayer.Spark.csproj" />
  </Folder>
  <Folder Name="/libs/subscription_worker/">
    <Project Path="libs/subscription_worker/MintPlayer.Spark.SubscriptionWorker.Abstractions/MintPlayer.Spark.SubscriptionWorker.Abstractions.csproj" />
    <Project Path="libs/subscription_worker/MintPlayer.Spark.SubscriptionWorker/MintPlayer.Spark.SubscriptionWorker.csproj" />
  </Folder>
  <Folder Name="/libs/testing/">
    <Project Path="libs/testing/MintPlayer.Spark.Testing/MintPlayer.Spark.Testing.csproj" />
  </Folder>
  <Folder Name="/libs/webhooks/">
    <Project Path="libs/webhooks/MintPlayer.Spark.Webhooks.GitHub.DevTunnel/MintPlayer.Spark.Webhooks.GitHub.DevTunnel.csproj" />
    <Project Path="libs/webhooks/MintPlayer.Spark.Webhooks.GitHub/MintPlayer.Spark.Webhooks.GitHub.csproj" />
  </Folder>
  <Folder Name="/tools/">
    <Project Path="tools/SchemaGenerator/MintPlayer.Spark.SchemaGenerator.csproj" />
  </Folder>
  <Folder Name="/tests/">
    <Project Path="tests/MintPlayer.Spark.Client.Tests/MintPlayer.Spark.Client.Tests.csproj" />
    <Project Path="tests/MintPlayer.Spark.E2E.Tests/MintPlayer.Spark.E2E.Tests.csproj" />
    <Project Path="tests/MintPlayer.Spark.SourceGenerators.Tests/MintPlayer.Spark.SourceGenerators.Tests.csproj" />
    <Project Path="tests/MintPlayer.Spark.Tests/MintPlayer.Spark.Tests.csproj" />
  </Folder>
</Solution>
