
Microsoft Visual Studio Solution File, Format Version 12.00
# Visual Studio Version 18
VisualStudioVersion = 18.3.11429.125
MinimumVisualStudioVersion = 10.0.40219.1
Project("{FAE04EC0-301F-11D3-BF4B-00C04F79EFBC}") = "MintPlayer.Spark", "MintPlayer.Spark\MintPlayer.Spark.csproj", "{AC392092-7666-4FDE-8FBD-71C1A602CD7A}"
EndProject
Project("{FAE04EC0-301F-11D3-BF4B-00C04F79EFBC}") = "MintPlayer.Spark.Abstractions", "MintPlayer.Spark.Abstractions\MintPlayer.Spark.Abstractions.csproj", "{FEE68A9B-1E8D-490A-A56E-0381615A61C2}"
EndProject
Project("{FAE04EC0-301F-11D3-BF4B-00C04F79EFBC}") = "MintPlayer.Spark.SourceGenerators", "MintPlayer.Spark.SourceGenerators\MintPlayer.Spark.SourceGenerators.csproj", "{BE8DB20B-024B-4104-A4CE-615A048825D8}"
EndProject
Project("{FAE04EC0-301F-11D3-BF4B-00C04F79EFBC}") = "MintPlayer.Spark.Authorization", "MintPlayer.Spark.Authorization\MintPlayer.Spark.Authorization.csproj", "{C8E2A5F1-3D4B-4E6F-9A1C-2B3D4E5F6A7B}"
EndProject
Project("{FAE04EC0-301F-11D3-BF4B-00C04F79EFBC}") = "MintPlayer.Spark.Messaging.Abstractions", "MintPlayer.Spark.Messaging.Abstractions\MintPlayer.Spark.Messaging.Abstractions.csproj", "{8FA8E1EE-63B3-4908-A25B-191399829400}"
EndProject
Project("{FAE04EC0-301F-11D3-BF4B-00C04F79EFBC}") = "MintPlayer.Spark.Messaging", "MintPlayer.Spark.Messaging\MintPlayer.Spark.Messaging.csproj", "{2DF03B88-B4CE-41CC-BB47-8ABD0B424046}"
EndProject
Project("{FAE04EC0-301F-11D3-BF4B-00C04F79EFBC}") = "MintPlayer.Spark.Replication.Abstractions", "MintPlayer.Spark.Replication.Abstractions\MintPlayer.Spark.Replication.Abstractions.csproj", "{6C9ACEC8-2B43-4358-B4D0-B2750252B414}"
EndProject
Project("{FAE04EC0-301F-11D3-BF4B-00C04F79EFBC}") = "MintPlayer.Spark.Replication", "MintPlayer.Spark.Replication\MintPlayer.Spark.Replication.csproj", "{E4EE0134-29D4-4C8A-A1D4-AA839D59F128}"
EndProject
Project("{2150E333-8FDC-42A3-9474-1A3956D46DE8}") = "Demos", "Demos", "{FA8A28C8-4B59-8028-2ACF-626D05B08DB7}"
EndProject
Project("{FAE04EC0-301F-11D3-BF4B-00C04F79EFBC}") = "DemoApp", "Demo\DemoApp\DemoApp\DemoApp.csproj", "{40188019-E6C1-4B0A-8BEB-16E68C189A26}"
EndProject
Project("{FAE04EC0-301F-11D3-BF4B-00C04F79EFBC}") = "DemoApp.Library", "Demo\DemoApp\DemoApp.Library\DemoApp.Library.csproj", "{3925EF03-7D64-411C-8354-D4B9C939A653}"
EndProject
Project("{FAE04EC0-301F-11D3-BF4B-00C04F79EFBC}") = "Fleet", "Demo\Fleet\Fleet\Fleet.csproj", "{20525374-9D06-4401-AC5D-6EBF15E186BF}"
EndProject
Project("{FAE04EC0-301F-11D3-BF4B-00C04F79EFBC}") = "Fleet.Library", "Demo\Fleet\Fleet.Library\Fleet.Library.csproj", "{6F154EC0-F2E5-4E09-B06B-A330AAA6F2E3}"
EndProject
Project("{FAE04EC0-301F-11D3-BF4B-00C04F79EFBC}") = "HR", "Demo\HR\HR\HR.csproj", "{34DED2A2-5EEA-4DA3-BCF2-3CCC22DAFFF8}"
EndProject
Project("{FAE04EC0-301F-11D3-BF4B-00C04F79EFBC}") = "HR.Library", "Demo\HR\HR.Library\HR.Library.csproj", "{1EA25FCC-D73C-4DC5-9405-57CB69DAAD58}"
EndProject
Project("{2150E333-8FDC-42A3-9474-1A3956D46DE8}") = "Demo", "Demo", "{7A499952-5669-73FB-302A-8A5CC7327F87}"
EndProject
Project("{2150E333-8FDC-42A3-9474-1A3956D46DE8}") = "FleetApp", "FleetApp", "{CF2BA7A2-9D64-C420-DB99-F252FCABF1D0}"
EndProject
Project("{2150E333-8FDC-42A3-9474-1A3956D46DE8}") = "HRApp", "HRApp", "{2A519F7C-005D-12C2-C047-E13C1573BFEA}"
EndProject
Project("{2150E333-8FDC-42A3-9474-1A3956D46DE8}") = "packages", "packages", "{809F86A1-1C4C-B159-0CD4-DF9D33D876CE}"
EndProject
Project("{54A90642-561A-4BB1-A94E-469ADEE60C69}") = "ng-spark-auth", "packages\ng-spark-auth\ng-spark-auth.esproj", "{3A3366F2-9EC5-49BD-B408-0C90F52636B9}"
EndProject
Global
	GlobalSection(SolutionConfigurationPlatforms) = preSolution
		Debug|Any CPU = Debug|Any CPU
		Debug|x64 = Debug|x64
		Debug|x86 = Debug|x86
		Release|Any CPU = Release|Any CPU
		Release|x64 = Release|x64
		Release|x86 = Release|x86
	EndGlobalSection
	GlobalSection(ProjectConfigurationPlatforms) = postSolution
		{AC392092-7666-4FDE-8FBD-71C1A602CD7A}.Debug|Any CPU.ActiveCfg = Debug|Any CPU
		{AC392092-7666-4FDE-8FBD-71C1A602CD7A}.Debug|Any CPU.Build.0 = Debug|Any CPU
		{AC392092-7666-4FDE-8FBD-71C1A602CD7A}.Debug|x64.ActiveCfg = Debug|Any CPU
		{AC392092-7666-4FDE-8FBD-71C1A602CD7A}.Debug|x64.Build.0 = Debug|Any CPU
		{AC392092-7666-4FDE-8FBD-71C1A602CD7A}.Debug|x86.ActiveCfg = Debug|Any CPU
		{AC392092-7666-4FDE-8FBD-71C1A602CD7A}.Debug|x86.Build.0 = Debug|Any CPU
		{AC392092-7666-4FDE-8FBD-71C1A602CD7A}.Release|Any CPU.ActiveCfg = Release|Any CPU
		{AC392092-7666-4FDE-8FBD-71C1A602CD7A}.Release|Any CPU.Build.0 = Release|Any CPU
		{AC392092-7666-4FDE-8FBD-71C1A602CD7A}.Release|x64.ActiveCfg = Release|Any CPU
		{AC392092-7666-4FDE-8FBD-71C1A602CD7A}.Release|x64.Build.0 = Release|Any CPU
		{AC392092-7666-4FDE-8FBD-71C1A602CD7A}.Release|x86.ActiveCfg = Release|Any CPU
		{AC392092-7666-4FDE-8FBD-71C1A602CD7A}.Release|x86.Build.0 = Release|Any CPU
		{FEE68A9B-1E8D-490A-A56E-0381615A61C2}.Debug|Any CPU.ActiveCfg = Debug|Any CPU
		{FEE68A9B-1E8D-490A-A56E-0381615A61C2}.Debug|Any CPU.Build.0 = Debug|Any CPU
		{FEE68A9B-1E8D-490A-A56E-0381615A61C2}.Debug|x64.ActiveCfg = Debug|Any CPU
		{FEE68A9B-1E8D-490A-A56E-0381615A61C2}.Debug|x64.Build.0 = Debug|Any CPU
		{FEE68A9B-1E8D-490A-A56E-0381615A61C2}.Debug|x86.ActiveCfg = Debug|Any CPU
		{FEE68A9B-1E8D-490A-A56E-0381615A61C2}.Debug|x86.Build.0 = Debug|Any CPU
		{FEE68A9B-1E8D-490A-A56E-0381615A61C2}.Release|Any CPU.ActiveCfg = Release|Any CPU
		{FEE68A9B-1E8D-490A-A56E-0381615A61C2}.Release|Any CPU.Build.0 = Release|Any CPU
		{FEE68A9B-1E8D-490A-A56E-0381615A61C2}.Release|x64.ActiveCfg = Release|Any CPU
		{FEE68A9B-1E8D-490A-A56E-0381615A61C2}.Release|x64.Build.0 = Release|Any CPU
		{FEE68A9B-1E8D-490A-A56E-0381615A61C2}.Release|x86.ActiveCfg = Release|Any CPU
		{FEE68A9B-1E8D-490A-A56E-0381615A61C2}.Release|x86.Build.0 = Release|Any CPU
		{BE8DB20B-024B-4104-A4CE-615A048825D8}.Debug|Any CPU.ActiveCfg = Debug|Any CPU
		{BE8DB20B-024B-4104-A4CE-615A048825D8}.Debug|Any CPU.Build.0 = Debug|Any CPU
		{BE8DB20B-024B-4104-A4CE-615A048825D8}.Debug|x64.ActiveCfg = Debug|Any CPU
		{BE8DB20B-024B-4104-A4CE-615A048825D8}.Debug|x64.Build.0 = Debug|Any CPU
		{BE8DB20B-024B-4104-A4CE-615A048825D8}.Debug|x86.ActiveCfg = Debug|Any CPU
		{BE8DB20B-024B-4104-A4CE-615A048825D8}.Debug|x86.Build.0 = Debug|Any CPU
		{BE8DB20B-024B-4104-A4CE-615A048825D8}.Release|Any CPU.ActiveCfg = Release|Any CPU
		{BE8DB20B-024B-4104-A4CE-615A048825D8}.Release|Any CPU.Build.0 = Release|Any CPU
		{BE8DB20B-024B-4104-A4CE-615A048825D8}.Release|x64.ActiveCfg = Release|Any CPU
		{BE8DB20B-024B-4104-A4CE-615A048825D8}.Release|x64.Build.0 = Release|Any CPU
		{BE8DB20B-024B-4104-A4CE-615A048825D8}.Release|x86.ActiveCfg = Release|Any CPU
		{BE8DB20B-024B-4104-A4CE-615A048825D8}.Release|x86.Build.0 = Release|Any CPU
		{C8E2A5F1-3D4B-4E6F-9A1C-2B3D4E5F6A7B}.Debug|Any CPU.ActiveCfg = Debug|Any CPU
		{C8E2A5F1-3D4B-4E6F-9A1C-2B3D4E5F6A7B}.Debug|Any CPU.Build.0 = Debug|Any CPU
		{C8E2A5F1-3D4B-4E6F-9A1C-2B3D4E5F6A7B}.Debug|x64.ActiveCfg = Debug|Any CPU
		{C8E2A5F1-3D4B-4E6F-9A1C-2B3D4E5F6A7B}.Debug|x64.Build.0 = Debug|Any CPU
		{C8E2A5F1-3D4B-4E6F-9A1C-2B3D4E5F6A7B}.Debug|x86.ActiveCfg = Debug|Any CPU
		{C8E2A5F1-3D4B-4E6F-9A1C-2B3D4E5F6A7B}.Debug|x86.Build.0 = Debug|Any CPU
		{C8E2A5F1-3D4B-4E6F-9A1C-2B3D4E5F6A7B}.Release|Any CPU.ActiveCfg = Release|Any CPU
		{C8E2A5F1-3D4B-4E6F-9A1C-2B3D4E5F6A7B}.Release|Any CPU.Build.0 = Release|Any CPU
		{C8E2A5F1-3D4B-4E6F-9A1C-2B3D4E5F6A7B}.Release|x64.ActiveCfg = Release|Any CPU
		{C8E2A5F1-3D4B-4E6F-9A1C-2B3D4E5F6A7B}.Release|x64.Build.0 = Release|Any CPU
		{C8E2A5F1-3D4B-4E6F-9A1C-2B3D4E5F6A7B}.Release|x86.ActiveCfg = Release|Any CPU
		{C8E2A5F1-3D4B-4E6F-9A1C-2B3D4E5F6A7B}.Release|x86.Build.0 = Release|Any CPU
		{8FA8E1EE-63B3-4908-A25B-191399829400}.Debug|Any CPU.ActiveCfg = Debug|Any CPU
		{8FA8E1EE-63B3-4908-A25B-191399829400}.Debug|Any CPU.Build.0 = Debug|Any CPU
		{8FA8E1EE-63B3-4908-A25B-191399829400}.Debug|x64.ActiveCfg = Debug|Any CPU
		{8FA8E1EE-63B3-4908-A25B-191399829400}.Debug|x64.Build.0 = Debug|Any CPU
		{8FA8E1EE-63B3-4908-A25B-191399829400}.Debug|x86.ActiveCfg = Debug|Any CPU
		{8FA8E1EE-63B3-4908-A25B-191399829400}.Debug|x86.Build.0 = Debug|Any CPU
		{8FA8E1EE-63B3-4908-A25B-191399829400}.Release|Any CPU.ActiveCfg = Release|Any CPU
		{8FA8E1EE-63B3-4908-A25B-191399829400}.Release|Any CPU.Build.0 = Release|Any CPU
		{8FA8E1EE-63B3-4908-A25B-191399829400}.Release|x64.ActiveCfg = Release|Any CPU
		{8FA8E1EE-63B3-4908-A25B-191399829400}.Release|x64.Build.0 = Release|Any CPU
		{8FA8E1EE-63B3-4908-A25B-191399829400}.Release|x86.ActiveCfg = Release|Any CPU
		{8FA8E1EE-63B3-4908-A25B-191399829400}.Release|x86.Build.0 = Release|Any CPU
		{2DF03B88-B4CE-41CC-BB47-8ABD0B424046}.Debug|Any CPU.ActiveCfg = Debug|Any CPU
		{2DF03B88-B4CE-41CC-BB47-8ABD0B424046}.Debug|Any CPU.Build.0 = Debug|Any CPU
		{2DF03B88-B4CE-41CC-BB47-8ABD0B424046}.Debug|x64.ActiveCfg = Debug|Any CPU
		{2DF03B88-B4CE-41CC-BB47-8ABD0B424046}.Debug|x64.Build.0 = Debug|Any CPU
		{2DF03B88-B4CE-41CC-BB47-8ABD0B424046}.Debug|x86.ActiveCfg = Debug|Any CPU
		{2DF03B88-B4CE-41CC-BB47-8ABD0B424046}.Debug|x86.Build.0 = Debug|Any CPU
		{2DF03B88-B4CE-41CC-BB47-8ABD0B424046}.Release|Any CPU.ActiveCfg = Release|Any CPU
		{2DF03B88-B4CE-41CC-BB47-8ABD0B424046}.Release|Any CPU.Build.0 = Release|Any CPU
		{2DF03B88-B4CE-41CC-BB47-8ABD0B424046}.Release|x64.ActiveCfg = Release|Any CPU
		{2DF03B88-B4CE-41CC-BB47-8ABD0B424046}.Release|x64.Build.0 = Release|Any CPU
		{2DF03B88-B4CE-41CC-BB47-8ABD0B424046}.Release|x86.ActiveCfg = Release|Any CPU
		{2DF03B88-B4CE-41CC-BB47-8ABD0B424046}.Release|x86.Build.0 = Release|Any CPU
		{6C9ACEC8-2B43-4358-B4D0-B2750252B414}.Debug|Any CPU.ActiveCfg = Debug|Any CPU
		{6C9ACEC8-2B43-4358-B4D0-B2750252B414}.Debug|Any CPU.Build.0 = Debug|Any CPU
		{6C9ACEC8-2B43-4358-B4D0-B2750252B414}.Debug|x64.ActiveCfg = Debug|Any CPU
		{6C9ACEC8-2B43-4358-B4D0-B2750252B414}.Debug|x64.Build.0 = Debug|Any CPU
		{6C9ACEC8-2B43-4358-B4D0-B2750252B414}.Debug|x86.ActiveCfg = Debug|Any CPU
		{6C9ACEC8-2B43-4358-B4D0-B2750252B414}.Debug|x86.Build.0 = Debug|Any CPU
		{6C9ACEC8-2B43-4358-B4D0-B2750252B414}.Release|Any CPU.ActiveCfg = Release|Any CPU
		{6C9ACEC8-2B43-4358-B4D0-B2750252B414}.Release|Any CPU.Build.0 = Release|Any CPU
		{6C9ACEC8-2B43-4358-B4D0-B2750252B414}.Release|x64.ActiveCfg = Release|Any CPU
		{6C9ACEC8-2B43-4358-B4D0-B2750252B414}.Release|x64.Build.0 = Release|Any CPU
		{6C9ACEC8-2B43-4358-B4D0-B2750252B414}.Release|x86.ActiveCfg = Release|Any CPU
		{6C9ACEC8-2B43-4358-B4D0-B2750252B414}.Release|x86.Build.0 = Release|Any CPU
		{E4EE0134-29D4-4C8A-A1D4-AA839D59F128}.Debug|Any CPU.ActiveCfg = Debug|Any CPU
		{E4EE0134-29D4-4C8A-A1D4-AA839D59F128}.Debug|Any CPU.Build.0 = Debug|Any CPU
		{E4EE0134-29D4-4C8A-A1D4-AA839D59F128}.Debug|x64.ActiveCfg = Debug|Any CPU
		{E4EE0134-29D4-4C8A-A1D4-AA839D59F128}.Debug|x64.Build.0 = Debug|Any CPU
		{E4EE0134-29D4-4C8A-A1D4-AA839D59F128}.Debug|x86.ActiveCfg = Debug|Any CPU
		{E4EE0134-29D4-4C8A-A1D4-AA839D59F128}.Debug|x86.Build.0 = Debug|Any CPU
		{E4EE0134-29D4-4C8A-A1D4-AA839D59F128}.Release|Any CPU.ActiveCfg = Release|Any CPU
		{E4EE0134-29D4-4C8A-A1D4-AA839D59F128}.Release|Any CPU.Build.0 = Release|Any CPU
		{E4EE0134-29D4-4C8A-A1D4-AA839D59F128}.Release|x64.ActiveCfg = Release|Any CPU
		{E4EE0134-29D4-4C8A-A1D4-AA839D59F128}.Release|x64.Build.0 = Release|Any CPU
		{E4EE0134-29D4-4C8A-A1D4-AA839D59F128}.Release|x86.ActiveCfg = Release|Any CPU
		{E4EE0134-29D4-4C8A-A1D4-AA839D59F128}.Release|x86.Build.0 = Release|Any CPU
		{40188019-E6C1-4B0A-8BEB-16E68C189A26}.Debug|Any CPU.ActiveCfg = Debug|Any CPU
		{40188019-E6C1-4B0A-8BEB-16E68C189A26}.Debug|Any CPU.Build.0 = Debug|Any CPU
		{40188019-E6C1-4B0A-8BEB-16E68C189A26}.Debug|x64.ActiveCfg = Debug|Any CPU
		{40188019-E6C1-4B0A-8BEB-16E68C189A26}.Debug|x64.Build.0 = Debug|Any CPU
		{40188019-E6C1-4B0A-8BEB-16E68C189A26}.Debug|x86.ActiveCfg = Debug|Any CPU
		{40188019-E6C1-4B0A-8BEB-16E68C189A26}.Debug|x86.Build.0 = Debug|Any CPU
		{40188019-E6C1-4B0A-8BEB-16E68C189A26}.Release|Any CPU.ActiveCfg = Release|Any CPU
		{40188019-E6C1-4B0A-8BEB-16E68C189A26}.Release|Any CPU.Build.0 = Release|Any CPU
		{40188019-E6C1-4B0A-8BEB-16E68C189A26}.Release|x64.ActiveCfg = Release|Any CPU
		{40188019-E6C1-4B0A-8BEB-16E68C189A26}.Release|x64.Build.0 = Release|Any CPU
		{40188019-E6C1-4B0A-8BEB-16E68C189A26}.Release|x86.ActiveCfg = Release|Any CPU
		{40188019-E6C1-4B0A-8BEB-16E68C189A26}.Release|x86.Build.0 = Release|Any CPU
		{3925EF03-7D64-411C-8354-D4B9C939A653}.Debug|Any CPU.ActiveCfg = Debug|Any CPU
		{3925EF03-7D64-411C-8354-D4B9C939A653}.Debug|Any CPU.Build.0 = Debug|Any CPU
		{3925EF03-7D64-411C-8354-D4B9C939A653}.Debug|x64.ActiveCfg = Debug|Any CPU
		{3925EF03-7D64-411C-8354-D4B9C939A653}.Debug|x64.Build.0 = Debug|Any CPU
		{3925EF03-7D64-411C-8354-D4B9C939A653}.Debug|x86.ActiveCfg = Debug|Any CPU
		{3925EF03-7D64-411C-8354-D4B9C939A653}.Debug|x86.Build.0 = Debug|Any CPU
		{3925EF03-7D64-411C-8354-D4B9C939A653}.Release|Any CPU.ActiveCfg = Release|Any CPU
		{3925EF03-7D64-411C-8354-D4B9C939A653}.Release|Any CPU.Build.0 = Release|Any CPU
		{3925EF03-7D64-411C-8354-D4B9C939A653}.Release|x64.ActiveCfg = Release|Any CPU
		{3925EF03-7D64-411C-8354-D4B9C939A653}.Release|x64.Build.0 = Release|Any CPU
		{3925EF03-7D64-411C-8354-D4B9C939A653}.Release|x86.ActiveCfg = Release|Any CPU
		{3925EF03-7D64-411C-8354-D4B9C939A653}.Release|x86.Build.0 = Release|Any CPU
		{20525374-9D06-4401-AC5D-6EBF15E186BF}.Debug|Any CPU.ActiveCfg = Debug|Any CPU
		{20525374-9D06-4401-AC5D-6EBF15E186BF}.Debug|Any CPU.Build.0 = Debug|Any CPU
		{20525374-9D06-4401-AC5D-6EBF15E186BF}.Debug|x64.ActiveCfg = Debug|Any CPU
		{20525374-9D06-4401-AC5D-6EBF15E186BF}.Debug|x64.Build.0 = Debug|Any CPU
		{20525374-9D06-4401-AC5D-6EBF15E186BF}.Debug|x86.ActiveCfg = Debug|Any CPU
		{20525374-9D06-4401-AC5D-6EBF15E186BF}.Debug|x86.Build.0 = Debug|Any CPU
		{20525374-9D06-4401-AC5D-6EBF15E186BF}.Release|Any CPU.ActiveCfg = Release|Any CPU
		{20525374-9D06-4401-AC5D-6EBF15E186BF}.Release|Any CPU.Build.0 = Release|Any CPU
		{20525374-9D06-4401-AC5D-6EBF15E186BF}.Release|x64.ActiveCfg = Release|Any CPU
		{20525374-9D06-4401-AC5D-6EBF15E186BF}.Release|x64.Build.0 = Release|Any CPU
		{20525374-9D06-4401-AC5D-6EBF15E186BF}.Release|x86.ActiveCfg = Release|Any CPU
		{20525374-9D06-4401-AC5D-6EBF15E186BF}.Release|x86.Build.0 = Release|Any CPU
		{6F154EC0-F2E5-4E09-B06B-A330AAA6F2E3}.Debug|Any CPU.ActiveCfg = Debug|Any CPU
		{6F154EC0-F2E5-4E09-B06B-A330AAA6F2E3}.Debug|Any CPU.Build.0 = Debug|Any CPU
		{6F154EC0-F2E5-4E09-B06B-A330AAA6F2E3}.Debug|x64.ActiveCfg = Debug|Any CPU
		{6F154EC0-F2E5-4E09-B06B-A330AAA6F2E3}.Debug|x64.Build.0 = Debug|Any CPU
		{6F154EC0-F2E5-4E09-B06B-A330AAA6F2E3}.Debug|x86.ActiveCfg = Debug|Any CPU
		{6F154EC0-F2E5-4E09-B06B-A330AAA6F2E3}.Debug|x86.Build.0 = Debug|Any CPU
		{6F154EC0-F2E5-4E09-B06B-A330AAA6F2E3}.Release|Any CPU.ActiveCfg = Release|Any CPU
		{6F154EC0-F2E5-4E09-B06B-A330AAA6F2E3}.Release|Any CPU.Build.0 = Release|Any CPU
		{6F154EC0-F2E5-4E09-B06B-A330AAA6F2E3}.Release|x64.ActiveCfg = Release|Any CPU
		{6F154EC0-F2E5-4E09-B06B-A330AAA6F2E3}.Release|x64.Build.0 = Release|Any CPU
		{6F154EC0-F2E5-4E09-B06B-A330AAA6F2E3}.Release|x86.ActiveCfg = Release|Any CPU
		{6F154EC0-F2E5-4E09-B06B-A330AAA6F2E3}.Release|x86.Build.0 = Release|Any CPU
		{34DED2A2-5EEA-4DA3-BCF2-3CCC22DAFFF8}.Debug|Any CPU.ActiveCfg = Debug|Any CPU
		{34DED2A2-5EEA-4DA3-BCF2-3CCC22DAFFF8}.Debug|Any CPU.Build.0 = Debug|Any CPU
		{34DED2A2-5EEA-4DA3-BCF2-3CCC22DAFFF8}.Debug|x64.ActiveCfg = Debug|Any CPU
		{34DED2A2-5EEA-4DA3-BCF2-3CCC22DAFFF8}.Debug|x64.Build.0 = Debug|Any CPU
		{34DED2A2-5EEA-4DA3-BCF2-3CCC22DAFFF8}.Debug|x86.ActiveCfg = Debug|Any CPU
		{34DED2A2-5EEA-4DA3-BCF2-3CCC22DAFFF8}.Debug|x86.Build.0 = Debug|Any CPU
		{34DED2A2-5EEA-4DA3-BCF2-3CCC22DAFFF8}.Release|Any CPU.ActiveCfg = Release|Any CPU
		{34DED2A2-5EEA-4DA3-BCF2-3CCC22DAFFF8}.Release|Any CPU.Build.0 = Release|Any CPU
		{34DED2A2-5EEA-4DA3-BCF2-3CCC22DAFFF8}.Release|x64.ActiveCfg = Release|Any CPU
		{34DED2A2-5EEA-4DA3-BCF2-3CCC22DAFFF8}.Release|x64.Build.0 = Release|Any CPU
		{34DED2A2-5EEA-4DA3-BCF2-3CCC22DAFFF8}.Release|x86.ActiveCfg = Release|Any CPU
		{34DED2A2-5EEA-4DA3-BCF2-3CCC22DAFFF8}.Release|x86.Build.0 = Release|Any CPU
		{1EA25FCC-D73C-4DC5-9405-57CB69DAAD58}.Debug|Any CPU.ActiveCfg = Debug|Any CPU
		{1EA25FCC-D73C-4DC5-9405-57CB69DAAD58}.Debug|Any CPU.Build.0 = Debug|Any CPU
		{1EA25FCC-D73C-4DC5-9405-57CB69DAAD58}.Debug|x64.ActiveCfg = Debug|Any CPU
		{1EA25FCC-D73C-4DC5-9405-57CB69DAAD58}.Debug|x64.Build.0 = Debug|Any CPU
		{1EA25FCC-D73C-4DC5-9405-57CB69DAAD58}.Debug|x86.ActiveCfg = Debug|Any CPU
		{1EA25FCC-D73C-4DC5-9405-57CB69DAAD58}.Debug|x86.Build.0 = Debug|Any CPU
		{1EA25FCC-D73C-4DC5-9405-57CB69DAAD58}.Release|Any CPU.ActiveCfg = Release|Any CPU
		{1EA25FCC-D73C-4DC5-9405-57CB69DAAD58}.Release|Any CPU.Build.0 = Release|Any CPU
		{1EA25FCC-D73C-4DC5-9405-57CB69DAAD58}.Release|x64.ActiveCfg = Release|Any CPU
		{1EA25FCC-D73C-4DC5-9405-57CB69DAAD58}.Release|x64.Build.0 = Release|Any CPU
		{1EA25FCC-D73C-4DC5-9405-57CB69DAAD58}.Release|x86.ActiveCfg = Release|Any CPU
		{1EA25FCC-D73C-4DC5-9405-57CB69DAAD58}.Release|x86.Build.0 = Release|Any CPU
		{3A3366F2-9EC5-49BD-B408-0C90F52636B9}.Debug|Any CPU.ActiveCfg = Debug|Any CPU
		{3A3366F2-9EC5-49BD-B408-0C90F52636B9}.Debug|x64.ActiveCfg = Debug|Any CPU
		{3A3366F2-9EC5-49BD-B408-0C90F52636B9}.Debug|x86.ActiveCfg = Debug|Any CPU
		{3A3366F2-9EC5-49BD-B408-0C90F52636B9}.Release|Any CPU.ActiveCfg = Release|Any CPU
		{3A3366F2-9EC5-49BD-B408-0C90F52636B9}.Release|x64.ActiveCfg = Release|Any CPU
		{3A3366F2-9EC5-49BD-B408-0C90F52636B9}.Release|x86.ActiveCfg = Release|Any CPU
	EndGlobalSection
	GlobalSection(SolutionProperties) = preSolution
		HideSolutionNode = FALSE
	EndGlobalSection
	GlobalSection(NestedProjects) = preSolution
		{40188019-E6C1-4B0A-8BEB-16E68C189A26} = {7A499952-5669-73FB-302A-8A5CC7327F87}
		{3925EF03-7D64-411C-8354-D4B9C939A653} = {7A499952-5669-73FB-302A-8A5CC7327F87}
		{20525374-9D06-4401-AC5D-6EBF15E186BF} = {CF2BA7A2-9D64-C420-DB99-F252FCABF1D0}
		{6F154EC0-F2E5-4E09-B06B-A330AAA6F2E3} = {CF2BA7A2-9D64-C420-DB99-F252FCABF1D0}
		{34DED2A2-5EEA-4DA3-BCF2-3CCC22DAFFF8} = {2A519F7C-005D-12C2-C047-E13C1573BFEA}
		{1EA25FCC-D73C-4DC5-9405-57CB69DAAD58} = {2A519F7C-005D-12C2-C047-E13C1573BFEA}
		{7A499952-5669-73FB-302A-8A5CC7327F87} = {FA8A28C8-4B59-8028-2ACF-626D05B08DB7}
		{CF2BA7A2-9D64-C420-DB99-F252FCABF1D0} = {FA8A28C8-4B59-8028-2ACF-626D05B08DB7}
		{2A519F7C-005D-12C2-C047-E13C1573BFEA} = {FA8A28C8-4B59-8028-2ACF-626D05B08DB7}
		{3A3366F2-9EC5-49BD-B408-0C90F52636B9} = {809F86A1-1C4C-B159-0CD4-DF9D33D876CE}
	EndGlobalSection
	GlobalSection(ExtensibilityGlobals) = postSolution
		SolutionGuid = {BE3C450D-A8DE-4D9E-B4D4-3F32F348E7EA}
	EndGlobalSection
EndGlobal
